# Hash of the notes section each item's quote lives in.
# Regenerate with: python game/validate.py --accept-sections
# A change here means a cited section was edited; the diff is the list
# of items somebody should have re-read.
l01-q01: a87df292e3bf
l01-q02: 75d8e258f18c
l01-q03: 89ea8cf707ab
l01-q04: 68917f17de26
l01-q05: 051ceaa53cce
l01-q06: bfa52f24fbd1
l01-q07: a87df292e3bf
l01-q08: a26e36b9c10c
l01-q09: 0941cc572144
l01-q10: b0ce2804f289
l02-q01: c5015d12e88c
l02-q02: 692dbdf1029d
l02-q03: 00ce1d58d217
l02-q04: d59d9ef57aec
l02-q05: c5585a3cc93d
l02-q06: 17d5cbf33021
l02-q07: b183e84e99be
l02-q08: c5585a3cc93d
l02-q09: c5015d12e88c
l02-q10: 30ca2e452eea
l03-q01: 139554b96db5
l03-q02: 139554b96db5
l03-q03: 2f399b9e5385
l03-q04: 3d4218e48064
l03-q05: 299071dedb42
l03-q06: ddd23e1d2929
l03-q07: e9923e6de1cb
l03-q08: 21169e44d70c
l03-q09: 4a2f49897625
l03-q10: 21169e44d70c
l04-q01: bf88dc062967
l04-q02: 5796c6caf969
l04-q03: 4d067ba62da1
l04-q04: 58d3668e3238
l04-q05: 75293975f68f
l04-q06: 7e1408954cb0
l04-q07: b11063cf985e
l04-q08: 220afb7604f1
l04-q09: 2af2639ee126
l04-q10: 54743cb1fcda
l05-q01: 4c6d094dad17
l05-q02: 5c15d8d0f327
l05-q03: 5c15d8d0f327
l05-q04: 5c15d8d0f327
l05-q05: 5c15d8d0f327
l05-q06: 46421f397895
l05-q07: eb4aa910964a
l05-q08: d6ddd1fdb0e0
l05-q09: 5c15d8d0f327
l05-q10: 6e2319f18bf3
l07-q01: 07af6a5b9fb7
l07-q02: 07af6a5b9fb7
l07-q03: 06f6b7693f68
l07-q04: 07af6a5b9fb7
l07-q05: 02a4f88b47c3
l07-q06: 07af6a5b9fb7
l07-q07: 6ebbe24deb08
l07-q08: 07af6a5b9fb7
l07-q09: 07af6a5b9fb7
l07-q10: 52ea784aee06
l09-q01: c75dcfb7f149
l09-q02: c75dcfb7f149
l09-q03: 369cf587f2aa
l09-q04: 369cf587f2aa
l09-q05: 010301ff4fe1
l09-q06: f1424a9a3671
l09-q07: 9d6f4d0f1718
l09-q08: c06ef9adb5af
l09-q09: 1814b8983ff3
l09-q10: c7ebc03de4f1
l09-q11: 4322ce704818
l09-q12: 369cf587f2aa
l11-q01: 5c9eeaa7f3d1
l11-q02: a1c1f32ea4ce
l11-q03: cb94ebcfe4ef
l11-q04: 00b760b13c07
l11-q05: a4bcd5d2a8e7
l11-q06: a4bcd5d2a8e7
l11-q07: cd3cfbfb781b
l11-q08: 8a60a39fd6d2
l11-q09: a4bcd5d2a8e7
l11-q10: 91ab95468a30
l11-q11: cb94ebcfe4ef
l11-q12: a1c1f32ea4ce
l13-q01: 0f328e124c0b
l13-q02: 7b29df0ce5da
l13-q03: 7b29df0ce5da
l13-q04: fbb484e89136
l13-q05: fced81c30fa7
l13-q06: 5ee2c84f608c
l13-q07: c24fadab2c99
l13-q08: c24fadab2c99
l13-q09: b52c1af0f374
l13-q10: 7ec33bc8036e
l13-q11: 1baf339df179
l13-q12: b52c1af0f374
l15-q01: d162a09b7479
l15-q02: ec3f6d6ada56
l15-q03: d162a09b7479
l15-q04: f812265401e5
l15-q05: 72b5b596c2ec
l15-q06: 70c901917703
l15-q07: 7bbf6dfb0779
l15-q08: 49944e7c0c2d
l15-q09: e29746534d67
l15-q10: 6f652f4f1a44
l15-q11: 8d8ede204cff
l15-q12: ec3f6d6ada56
l17-q01: fd65d1a9b736
l17-q02: fd65d1a9b736
l17-q03: fd65d1a9b736
l17-q04: fd65d1a9b736
l17-q05: fd65d1a9b736
l17-q06: fd65d1a9b736
l17-q07: fd65d1a9b736
l17-q08: fbff22316786
l17-q09: 8383f830569b
l17-q10: ea49a5f1754e
l19-q01: 3b5abcf58dae
l19-q02: 5aa9f181f15b
l19-q03: 5aa9f181f15b
l19-q04: d0966c99529a
l19-q05: d0966c99529a
l19-q06: d0966c99529a
l19-q07: d0966c99529a
l19-q08: 3b5abcf58dae
l19-q09: 5aa9f181f15b
l19-q10: 3b5abcf58dae
l21-q01: b015eb31328c
l21-q02: b015eb31328c
l21-q03: b015eb31328c
l21-q04: 3bd6a96e43dc
l21-q05: b8ab7b808674
l21-q06: b015eb31328c
l21-q07: b015eb31328c
l21-q08: d82983d2a7e3
l21-q09: b015eb31328c
l21-q10: d82983d2a7e3
l23-q01: 24b67fa02ae1
l23-q02: 24b67fa02ae1
l23-q03: 24b67fa02ae1
l23-q04: a91343ef9a63
l23-q05: a91343ef9a63
l23-q06: a91343ef9a63
l23-q07: 52574ece3616
l23-q08: 3d12fe765561
l23-q09: 24b67fa02ae1
l23-q10: 24b67fa02ae1
l23-q11: 52574ece3616
