# Hash of the notes section each item's quote lives in.
# Regenerate with: python game/validate.py --accept-sections
# A change here means a cited section was edited; the diff is the list
# of items somebody should have re-read.
l01-q01: 79a512f2c1ac
l01-q02: 75d8e258f18c
l01-q03: 89ea8cf707ab
l01-q04: 79a512f2c1ac
l01-q05: 051ceaa53cce
l01-q06: bfa52f24fbd1
l01-q07: 79a512f2c1ac
l01-q08: a26e36b9c10c
l01-q09: c1d528f29d6d
l01-q10: b0ce2804f289
l02-q01: 744b8773431b
l02-q02: 19c8a69b25ea
l02-q03: acfb7ba3f982
l02-q04: 23d386178e4a
l02-q05: 0ae556ef2730
l02-q06: cfdca0ded449
l02-q07: 3255499bc629
l02-q08: 0ae556ef2730
l02-q09: 744b8773431b
l02-q10: 2379cf11e59e
l03-q01: 139554b96db5
l03-q02: 139554b96db5
l03-q03: 2f399b9e5385
l03-q04: dd9ba0475e70
l03-q05: 299071dedb42
l03-q06: ddd23e1d2929
l03-q07: 2a08bca1233d
l03-q08: 2d4ae803c82f
l03-q09: bf2af6fa36fc
l03-q10: 2d4ae803c82f
l04-q01: fb04995cba2e
l04-q02: 5796c6caf969
l04-q03: 4d067ba62da1
l04-q04: cebd1e94275a
l04-q05: d8e5bffe9cc1
l04-q06: d0a7a8d2cf1d
l04-q07: 9f4ecac3f3fd
l04-q08: 9f4ecac3f3fd
l04-q09: 2af2639ee126
l04-q10: 8d7fc8a61b84
l05-q01: 10dbd736ef4f
l05-q02: 2d93c47dd707
l05-q03: 2d93c47dd707
l05-q04: 2d93c47dd707
l05-q05: 2d93c47dd707
l05-q06: 2197ff9de54b
l05-q07: 0bc93005e290
l05-q08: ac68d2203f4c
l05-q09: 2d93c47dd707
l05-q10: accb191208db
l07-q01: d75311d298a0
l07-q02: d75311d298a0
l07-q03: eb86abfc8172
l07-q04: d75311d298a0
l07-q05: 5c42eadb0efa
l07-q06: d75311d298a0
l07-q07: d75311d298a0
l07-q08: d75311d298a0
l07-q09: d75311d298a0
l07-q10: cf94f4c468ac
l09-q01: 10ded4b8870c
l09-q02: 10ded4b8870c
l09-q03: 24aa04158603
l09-q04: 24aa04158603
l09-q05: 010301ff4fe1
l09-q06: b25b21fa6923
l09-q07: 0d0451c7c46b
l09-q08: 0f1827c1f527
l09-q09: 1814b8983ff3
l09-q10: 64bf7d1d71b6
l09-q11: 4460cd55c5c5
l09-q12: 24aa04158603
l11-q01: 5d72ce4302b7
l11-q02: 8b29a9159e17
l11-q03: cb94ebcfe4ef
l11-q04: 4b47d6494a2a
l11-q05: d166cdd6bd37
l11-q06: d166cdd6bd37
l11-q07: 82536500eb34
l11-q08: 2adffa2ad2b0
l11-q09: 2adffa2ad2b0
l11-q10: 90aee570710b
l11-q11: cb94ebcfe4ef
l11-q12: 8b29a9159e17
l13-q01: 618d2d12c3b6
l13-q02: 60d359e5d153
l13-q03: 60d359e5d153
l13-q04: 1baf339df179
l13-q05: 26cdd0c22fa8
l13-q06: 618d2d12c3b6
l13-q07: bc2b9e2f22b7
l13-q08: bc2b9e2f22b7
l13-q09: 12f216a47594
l13-q10: bf9e280cd493
l13-q11: 1baf339df179
l13-q12: 71aeb839b0e1
l15-q01: 6b09d3aabada
l15-q02: ec3f6d6ada56
l15-q03: 6b09d3aabada
l15-q04: da01c834368e
l15-q05: 57332fdd2657
l15-q06: b133947b4855
l15-q07: 5ded7aee70f5
l15-q08: 49944e7c0c2d
l15-q09: 8de6062d221f
l15-q10: cc9b43f2a6dc
l15-q11: 8d8ede204cff
l15-q12: ec3f6d6ada56
l17-q01: 01f06ac14250
l17-q02: 01f06ac14250
l17-q03: ea18c7cff5a1
l17-q04: 01f06ac14250
l17-q05: 01f06ac14250
l17-q06: 01f06ac14250
l17-q07: 01f06ac14250
l17-q08: fbff22316786
l17-q09: 8383f830569b
l17-q10: ea18c7cff5a1
l19-q01: 315f5f1f490a
l19-q02: 9ef0358a6aeb
l19-q03: 9ef0358a6aeb
l19-q04: f8477208ce6f
l19-q05: f8477208ce6f
l19-q06: f8477208ce6f
l19-q07: f8477208ce6f
l19-q08: 315f5f1f490a
l19-q09: 9ef0358a6aeb
l19-q10: 315f5f1f490a
l21-q01: b6dfeecef7ff
l21-q02: b6dfeecef7ff
l21-q03: b6dfeecef7ff
l21-q04: f6d6cc5ec852
l21-q05: 1db02d433328
l21-q06: b6dfeecef7ff
l21-q07: b6dfeecef7ff
l21-q08: a74bc57f054e
l21-q09: b6dfeecef7ff
l21-q10: a74bc57f054e
l23-q01: 4a3b13c2ad48
l23-q02: 4a3b13c2ad48
l23-q03: 4a3b13c2ad48
l23-q04: 369a3ab1dee0
l23-q05: 369a3ab1dee0
l23-q06: 369a3ab1dee0
l23-q07: 050b5c661c2a
l23-q08: e1d866e3da73
l23-q09: 4a3b13c2ad48
l23-q10: 4a3b13c2ad48
l23-q11: e7f55a2de3ef
