# Hash of the notes section each item's quote lives in.
# Regenerate with: python game/validate.py --accept-sections
# A change here means a cited section was edited; the diff is the list
# of items somebody should have re-read.
l01-q01: 8f6eea4b13d1
l01-q02: 6469d11a0887
l01-q03: cdd2efb49c19
l01-q04: e0c78cc0a1b0
l01-q05: 9d8131d3882c
l01-q06: d98e22ec9ccd
l01-q07: 8f6eea4b13d1
l01-q08: 00ab2809e5c7
l01-q09: 0941cc572144
l01-q10: b0ce2804f289
l02-q01: 0b8192c680b7
l02-q02: 74d125a43b3f
l02-q03: 236753a91e5c
l02-q04: cec93188ffc9
l02-q05: d3f4aee9b2dc
l02-q06: 6d8e760db501
l02-q07: 6875c9d4e65a
l02-q08: d3f4aee9b2dc
l02-q09: 0b8192c680b7
l02-q10: a060b63f8d4c
l03-q01: e052025fe4c0
l03-q02: e052025fe4c0
l03-q03: 204cbb37e9f1
l03-q04: c71a98a3805a
l03-q05: 6904e1cb7004
l03-q06: 66c2ea657bea
l03-q07: 76c3eef9a385
l03-q08: 34290afa510e
l03-q09: 02ffc431aac3
l03-q10: 34290afa510e
l04-q01: fa2eb623c50a
l04-q02: 8c7408e2f8fa
l04-q03: 263e2f0f7185
l04-q04: b202a1d41f61
l04-q05: 8f99cca0a60e
l04-q06: c3dffc29defa
l04-q07: 74ac23977bf8
l04-q08: c3dffc29defa
l04-q09: 5825dff5c016
l04-q10: 773e6bceb1d3
l05-q01: 4c6d094dad17
l05-q02: 5c15d8d0f327
l05-q03: 5c15d8d0f327
l05-q04: 5c15d8d0f327
l05-q05: 5c15d8d0f327
l05-q06: 46421f397895
l05-q07: eb4aa910964a
l05-q08: d6ddd1fdb0e0
l05-q09: 5c15d8d0f327
l05-q10: 3f3c1549912c
l07-q01: 07af6a5b9fb7
l07-q02: 07af6a5b9fb7
l07-q03: 06f6b7693f68
l07-q04: 07af6a5b9fb7
l07-q05: 02a4f88b47c3
l07-q06: 07af6a5b9fb7
l07-q07: 144797546d4c
l07-q08: 07af6a5b9fb7
l07-q09: 07af6a5b9fb7
l07-q10: 52ea784aee06
l09-q01: c75dcfb7f149
l09-q02: c75dcfb7f149
l09-q03: 369cf587f2aa
l09-q04: 369cf587f2aa
l09-q05: 010301ff4fe1
l09-q06: f1424a9a3671
l09-q07: 9d6f4d0f1718
l09-q08: c06ef9adb5af
l09-q09: 1814b8983ff3
l09-q10: c7ebc03de4f1
l09-q11: 4322ce704818
l09-q12: 369cf587f2aa
l11-q01: 5c9eeaa7f3d1
l11-q02: a1c1f32ea4ce
l11-q03: cb94ebcfe4ef
l11-q04: 00b760b13c07
l11-q05: a4bcd5d2a8e7
l11-q06: a4bcd5d2a8e7
l11-q07: cd3cfbfb781b
l11-q08: 8a60a39fd6d2
l11-q09: a4bcd5d2a8e7
l11-q10: 91ab95468a30
l11-q11: cb94ebcfe4ef
l11-q12: a1c1f32ea4ce
l13-q01: 0f328e124c0b
l13-q02: 90e146f7c68c
l13-q03: 90e146f7c68c
l13-q04: fbb484e89136
l13-q05: fced81c30fa7
l13-q06: 5ee2c84f608c
l13-q07: c24fadab2c99
l13-q08: c24fadab2c99
l13-q09: b52c1af0f374
l13-q10: 7ec33bc8036e
l13-q11: 1baf339df179
l13-q12: b52c1af0f374
l15-q01: d162a09b7479
l15-q02: ec3f6d6ada56
l15-q03: d162a09b7479
l15-q04: f812265401e5
l15-q05: 72b5b596c2ec
l15-q06: 70c901917703
l15-q07: 7bbf6dfb0779
l15-q08: 49944e7c0c2d
l15-q09: e29746534d67
l15-q10: 9ff0c6df8578
l15-q11: 8d8ede204cff
l15-q12: ec3f6d6ada56
l17-q01: fd65d1a9b736
l17-q02: fd65d1a9b736
l17-q03: fd65d1a9b736
l17-q04: fd65d1a9b736
l17-q05: fd65d1a9b736
l17-q06: fd65d1a9b736
l17-q07: fd65d1a9b736
l17-q08: fbff22316786
l17-q09: 8383f830569b
l17-q10: 01c31be2aec3
l18-q01: edbcc5e0c72e
l18-q02: a3d42b77cfa5
l18-q03: dfe78033de50
l18-q04: dfe78033de50
l18-q05: dd3a12490586
l18-q06: a3d42b77cfa5
l18-q07: dd3a12490586
l18-q08: dd3a12490586
l18-q09: 7e0fb4dd817f
l18-q10: fc2077d9a450
l19-q01: 3b5abcf58dae
l19-q02: 5aa9f181f15b
l19-q03: 5aa9f181f15b
l19-q04: 90d9d5ee2a58
l19-q05: 90d9d5ee2a58
l19-q06: 90d9d5ee2a58
l19-q07: 90d9d5ee2a58
l19-q08: 3b5abcf58dae
l19-q09: 5aa9f181f15b
l19-q10: 3b5abcf58dae
l21-q01: b015eb31328c
l21-q02: b015eb31328c
l21-q03: b015eb31328c
l21-q04: 3bd6a96e43dc
l21-q05: b8ab7b808674
l21-q06: b015eb31328c
l21-q07: b015eb31328c
l21-q08: d82983d2a7e3
l21-q09: b015eb31328c
l21-q10: d82983d2a7e3
